// !$*UTF8*$!
{
	archiveVersion = 1;
	classes = {
	};
	objectVersion = 50;
	objects = {

/* Begin PBXBuildFile section */
		D2F7305F27708AD600C2F911 /* AppDelegate.swift in Sources */ = {isa = PBXBuildFile; fileRef = D2F7305E27708AD600C2F911 /* AppDelegate.swift */; };
		D2F7306127708AD600C2F911 /* SceneDelegate.swift in Sources */ = {isa = PBXBuildFile; fileRef = D2F7306027708AD600C2F911 /* SceneDelegate.swift */; };
		D2F7306327708AD600C2F911 /* MainViewController.swift in Sources */ = {isa = PBXBuildFile; fileRef = D2F7306227708AD600C2F911 /* MainViewController.swift */; };
		D2F7306627708AD600C2F911 /* Main.storyboard in Resources */ = {isa = PBXBuildFile; fileRef = D2F7306427708AD600C2F911 /* Main.storyboard */; };
		D2F7306827708ADA00C2F911 /* Assets.xcassets in Resources */ = {isa = PBXBuildFile; fileRef = D2F7306727708ADA00C2F911 /* Assets.xcassets */; };
		D2F7306B27708ADA00C2F911 /* LaunchScreen.storyboard in Resources */ = {isa = PBXBuildFile; fileRef = D2F7306927708ADA00C2F911 /* LaunchScreen.storyboard */; };
		D2F7307327708DC500C2F911 /* Delegate.storyboard in Resources */ = {isa = PBXBuildFile; fileRef = D2F7307227708DC500C2F911 /* Delegate.storyboard */; };
		D2F730782770943300C2F911 /* DelegateViewController.swift in Sources */ = {isa = PBXBuildFile; fileRef = D2F730772770943300C2F911 /* DelegateViewController.swift */; };
		D2F7307A2770958D00C2F911 /* EditNameDPViewController.swift in Sources */ = {isa = PBXBuildFile; fileRef = D2F730792770958D00C2F911 /* EditNameDPViewController.swift */; };
		D2F7307F2770A07700C2F911 /* UIViewController+Ext.swift in Sources */ = {isa = PBXBuildFile; fileRef = D2F7307E2770A07700C2F911 /* UIViewController+Ext.swift */; };
		D2F730822770A2BD00C2F911 /* Notification.storyboard in Resources */ = {isa = PBXBuildFile; fileRef = D2F730812770A2BD00C2F911 /* Notification.storyboard */; };
		D2F730842770A33500C2F911 /* NotificationViewController.swift in Sources */ = {isa = PBXBuildFile; fileRef = D2F730832770A33500C2F911 /* NotificationViewController.swift */; };
		D2F730862770A41E00C2F911 /* EditNameNCViewController.swift in Sources */ = {isa = PBXBuildFile; fileRef = D2F730852770A41E00C2F911 /* EditNameNCViewController.swift */; };
		D2F7308A2770B19B00C2F911 /* Closure.storyboard in Resources */ = {isa = PBXBuildFile; fileRef = D2F730892770B19B00C2F911 /* Closure.storyboard */; };
		D2F7308C2770B1E300C2F911 /* ClosureViewController.swift in Sources */ = {isa = PBXBuildFile; fileRef = D2F7308B2770B1E300C2F911 /* ClosureViewController.swift */; };
		D2F7308E2770B2E300C2F911 /* EditNameCPViewController.swift in Sources */ = {isa = PBXBuildFile; fileRef = D2F7308D2770B2E300C2F911 /* EditNameCPViewController.swift */; };
/* End PBXBuildFile section */

/* Begin PBXFileReference section */
		D2F7305B27708AD600C2F911 /* CommunicationPatterns.app */ = {isa = PBXFileReference; explicitFileType = wrapper.application; includeInIndex = 0; path = CommunicationPatterns.app; sourceTree = BUILT_PRODUCTS_DIR; };
		D2F7305E27708AD600C2F911 /* AppDelegate.swift */ = {isa = PBXFileReference; lastKnownFileType = sourcecode.swift; path = AppDelegate.swift; sourceTree = "<group>"; };
		D2F7306027708AD600C2F911 /* SceneDelegate.swift */ = {isa = PBXFileReference; lastKnownFileType = sourcecode.swift; path = SceneDelegate.swift; sourceTree = "<group>"; };
		D2F7306227708AD600C2F911 /* MainViewController.swift */ = {isa = PBXFileReference; lastKnownFileType = sourcecode.swift; path = MainViewController.swift; sourceTree = "<group>"; };
		D2F7306527708AD600C2F911 /* Base */ = {isa = PBXFileReference; lastKnownFileType = file.storyboard; name = Base; path = Base.lproj/Main.storyboard; sourceTree = "<group>"; };
		D2F7306727708ADA00C2F911 /* Assets.xcassets */ = {isa = PBXFileReference; lastKnownFileType = folder.assetcatalog; path = Assets.xcassets; sourceTree = "<group>"; };
		D2F7306A27708ADA00C2F911 /* Base */ = {isa = PBXFileReference; lastKnownFileType = file.storyboard; name = Base; path = Base.lproj/LaunchScreen.storyboard; sourceTree = "<group>"; };
		D2F7306C27708ADA00C2F911 /* Info.plist */ = {isa = PBXFileReference; lastKnownFileType = text.plist.xml; path = Info.plist; sourceTree = "<group>"; };
		D2F7307227708DC500C2F911 /* Delegate.storyboard */ = {isa = PBXFileReference; lastKnownFileType = file.storyboard; path = Delegate.storyboard; sourceTree = "<group>"; };
		D2F730772770943300C2F911 /* DelegateViewController.swift */ = {isa = PBXFileReference; lastKnownFileType = sourcecode.swift; path = DelegateViewController.swift; sourceTree = "<group>"; };
		D2F730792770958D00C2F911 /* EditNameDPViewController.swift */ = {isa = PBXFileReference; lastKnownFileType = sourcecode.swift; path = EditNameDPViewController.swift; sourceTree = "<group>"; };
		D2F7307E2770A07700C2F911 /* UIViewController+Ext.swift */ = {isa = PBXFileReference; lastKnownFileType = sourcecode.swift; path = "UIViewController+Ext.swift"; sourceTree = "<group>"; };
		D2F730812770A2BD00C2F911 /* Notification.storyboard */ = {isa = PBXFileReference; lastKnownFileType = file.storyboard; path = Notification.storyboard; sourceTree = "<group>"; };
		D2F730832770A33500C2F911 /* NotificationViewController.swift */ = {isa = PBXFileReference; lastKnownFileType = sourcecode.swift; path = NotificationViewController.swift; sourceTree = "<group>"; };
		D2F730852770A41E00C2F911 /* EditNameNCViewController.swift */ = {isa = PBXFileReference; lastKnownFileType = sourcecode.swift; path = EditNameNCViewController.swift; sourceTree = "<group>"; };
		D2F730892770B19B00C2F911 /* Closure.storyboard */ = {isa = PBXFileReference; lastKnownFileType = file.storyboard; path = Closure.storyboard; sourceTree = "<group>"; };
		D2F7308B2770B1E300C2F911 /* ClosureViewController.swift */ = {isa = PBXFileReference; lastKnownFileType = sourcecode.swift; path = ClosureViewController.swift; sourceTree = "<group>"; };
		D2F7308D2770B2E300C2F911 /* EditNameCPViewController.swift */ = {isa = PBXFileReference; lastKnownFileType = sourcecode.swift; path = EditNameCPViewController.swift; sourceTree = "<group>"; };
/* End PBXFileReference section */

/* Begin PBXFrameworksBuildPhase section */
		D2F7305827708AD600C2F911 /* Frameworks */ = {
			isa = PBXFrameworksBuildPhase;
			buildActionMask = 2147483647;
			files = (
			);
			runOnlyForDeploymentPostprocessing = 0;
		};
/* End PBXFrameworksBuildPhase section */

/* Begin PBXGroup section */
		D2F7305227708AD600C2F911 = {
			isa = PBXGroup;
			children = (
				D2F7305D27708AD600C2F911 /* CommunicationPatterns */,
				D2F7305C27708AD600C2F911 /* Products */,
			);
			sourceTree = "<group>";
		};
		D2F7305C27708AD600C2F911 /* Products */ = {
			isa = PBXGroup;
			children = (
				D2F7305B27708AD600C2F911 /* CommunicationPatterns.app */,
			);
			name = Products;
			sourceTree = "<group>";
		};
		D2F7305D27708AD600C2F911 /* CommunicationPatterns */ = {
			isa = PBXGroup;
			children = (
				D2F730752770940C00C2F911 /* Main */,
				D2F730872770AF4F00C2F911 /* Closure */,
				D2F730762770941900C2F911 /* Delegate */,
				D2F730802770A23100C2F911 /* Notification */,
				D2F7307B27709F6800C2F911 /* Extensions */,
				D2F73074277093E900C2F911 /* Configuration */,
				D2F7306727708ADA00C2F911 /* Assets.xcassets */,
			);
			path = CommunicationPatterns;
			sourceTree = "<group>";
		};
		D2F73074277093E900C2F911 /* Configuration */ = {
			isa = PBXGroup;
			children = (
				D2F7305E27708AD600C2F911 /* AppDelegate.swift */,
				D2F7306027708AD600C2F911 /* SceneDelegate.swift */,
				D2F7306927708ADA00C2F911 /* LaunchScreen.storyboard */,
				D2F7306C27708ADA00C2F911 /* Info.plist */,
			);
			path = Configuration;
			sourceTree = "<group>";
		};
		D2F730752770940C00C2F911 /* Main */ = {
			isa = PBXGroup;
			children = (
				D2F7306427708AD600C2F911 /* Main.storyboard */,
				D2F7306227708AD600C2F911 /* MainViewController.swift */,
			);
			path = Main;
			sourceTree = "<group>";
		};
		D2F730762770941900C2F911 /* Delegate */ = {
			isa = PBXGroup;
			children = (
				D2F7307227708DC500C2F911 /* Delegate.storyboard */,
				D2F730772770943300C2F911 /* DelegateViewController.swift */,
				D2F730792770958D00C2F911 /* EditNameDPViewController.swift */,
			);
			path = Delegate;
			sourceTree = "<group>";
		};
		D2F7307B27709F6800C2F911 /* Extensions */ = {
			isa = PBXGroup;
			children = (
				D2F7307E2770A07700C2F911 /* UIViewController+Ext.swift */,
			);
			path = Extensions;
			sourceTree = "<group>";
		};
		D2F730802770A23100C2F911 /* Notification */ = {
			isa = PBXGroup;
			children = (
				D2F730812770A2BD00C2F911 /* Notification.storyboard */,
				D2F730832770A33500C2F911 /* NotificationViewController.swift */,
				D2F730852770A41E00C2F911 /* EditNameNCViewController.swift */,
			);
			path = Notification;
			sourceTree = "<group>";
		};
		D2F730872770AF4F00C2F911 /* Closure */ = {
			isa = PBXGroup;
			children = (
				D2F730892770B19B00C2F911 /* Closure.storyboard */,
				D2F7308B2770B1E300C2F911 /* ClosureViewController.swift */,
				D2F7308D2770B2E300C2F911 /* EditNameCPViewController.swift */,
			);
			path = Closure;
			sourceTree = "<group>";
		};
/* End PBXGroup section */

/* Begin PBXNativeTarget section */
		D2F7305A27708AD600C2F911 /* CommunicationPatterns */ = {
			isa = PBXNativeTarget;
			buildConfigurationList = D2F7306F27708ADA00C2F911 /* Build configuration list for PBXNativeTarget "CommunicationPatterns" */;
			buildPhases = (
				D2F7305727708AD600C2F911 /* Sources */,
				D2F7305827708AD600C2F911 /* Frameworks */,
				D2F7305927708AD600C2F911 /* Resources */,
			);
			buildRules = (
			);
			dependencies = (
			);
			name = CommunicationPatterns;
			productName = CommunicationPatterns;
			productReference = D2F7305B27708AD600C2F911 /* CommunicationPatterns.app */;
			productType = "com.apple.product-type.application";
		};
/* End PBXNativeTarget section */

/* Begin PBXProject section */
		D2F7305327708AD600C2F911 /* Project object */ = {
			isa = PBXProject;
			attributes = {
				LastSwiftUpdateCheck = 1250;
				LastUpgradeCheck = 1250;
				TargetAttributes = {
					D2F7305A27708AD600C2F911 = {
						CreatedOnToolsVersion = 12.5;
					};
				};
			};
			buildConfigurationList = D2F7305627708AD600C2F911 /* Build configuration list for PBXProject "CommunicationPatterns" */;
			compatibilityVersion = "Xcode 9.3";
			developmentRegion = en;
			hasScannedForEncodings = 0;
			knownRegions = (
				en,
				Base,
			);
			mainGroup = D2F7305227708AD600C2F911;
			productRefGroup = D2F7305C27708AD600C2F911 /* Products */;
			projectDirPath = "";
			projectRoot = "";
			targets = (
				D2F7305A27708AD600C2F911 /* CommunicationPatterns */,
			);
		};
/* End PBXProject section */

/* Begin PBXResourcesBuildPhase section */
		D2F7305927708AD600C2F911 /* Resources */ = {
			isa = PBXResourcesBuildPhase;
			buildActionMask = 2147483647;
			files = (
				D2F7306B27708ADA00C2F911 /* LaunchScreen.storyboard in Resources */,
				D2F7307327708DC500C2F911 /* Delegate.storyboard in Resources */,
				D2F7306827708ADA00C2F911 /* Assets.xcassets in Resources */,
				D2F7306627708AD600C2F911 /* Main.storyboard in Resources */,
				D2F7308A2770B19B00C2F911 /* Closure.storyboard in Resources */,
				D2F730822770A2BD00C2F911 /* Notification.storyboard in Resources */,
			);
			runOnlyForDeploymentPostprocessing = 0;
		};
/* End PBXResourcesBuildPhase section */

/* Begin PBXSourcesBuildPhase section */
		D2F7305727708AD600C2F911 /* Sources */ = {
			isa = PBXSourcesBuildPhase;
			buildActionMask = 2147483647;
			files = (
				D2F7308C2770B1E300C2F911 /* ClosureViewController.swift in Sources */,
				D2F730862770A41E00C2F911 /* EditNameNCViewController.swift in Sources */,
				D2F7306327708AD600C2F911 /* MainViewController.swift in Sources */,
				D2F7307A2770958D00C2F911 /* EditNameDPViewController.swift in Sources */,
				D2F7307F2770A07700C2F911 /* UIViewController+Ext.swift in Sources */,
				D2F730842770A33500C2F911 /* NotificationViewController.swift in Sources */,
				D2F7308E2770B2E300C2F911 /* EditNameCPViewController.swift in Sources */,
				D2F730782770943300C2F911 /* DelegateViewController.swift in Sources */,
				D2F7305F27708AD600C2F911 /* AppDelegate.swift in Sources */,
				D2F7306127708AD600C2F911 /* SceneDelegate.swift in Sources */,
			);
			runOnlyForDeploymentPostprocessing = 0;
		};
/* End PBXSourcesBuildPhase section */

/* Begin PBXVariantGroup section */
		D2F7306427708AD600C2F911 /* Main.storyboard */ = {
			isa = PBXVariantGroup;
			children = (
				D2F7306527708AD600C2F911 /* Base */,
			);
			name = Main.storyboard;
			sourceTree = "<group>";
		};
		D2F7306927708ADA00C2F911 /* LaunchScreen.storyboard */ = {
			isa = PBXVariantGroup;
			children = (
				D2F7306A27708ADA00C2F911 /* Base */,
			);
			name = LaunchScreen.storyboard;
			sourceTree = "<group>";
		};
/* End PBXVariantGroup section */

/* Begin XCBuildConfiguration section */
		D2F7306D27708ADA00C2F911 /* Debug */ = {
			isa = XCBuildConfiguration;
			buildSettings = {
				ALWAYS_SEARCH_USER_PATHS = NO;
				CLANG_ANALYZER_NONNULL = YES;
				CLANG_ANALYZER_NUMBER_OBJECT_CONVERSION = YES_AGGRESSIVE;
				CLANG_CXX_LANGUAGE_STANDARD = "gnu++14";
				CLANG_CXX_LIBRARY = "libc++";
				CLANG_ENABLE_MODULES = YES;
				CLANG_ENABLE_OBJC_ARC = YES;
				CLANG_ENABLE_OBJC_WEAK = YES;
				CLANG_WARN_BLOCK_CAPTURE_AUTORELEASING = YES;
				CLANG_WARN_BOOL_CONVERSION = YES;
				CLANG_WARN_COMMA = YES;
				CLANG_WARN_CONSTANT_CONVERSION = YES;
				CLANG_WARN_DEPRECATED_OBJC_IMPLEMENTATIONS = YES;
				CLANG_WARN_DIRECT_OBJC_ISA_USAGE = YES_ERROR;
				CLANG_WARN_DOCUMENTATION_COMMENTS = YES;
				CLANG_WARN_EMPTY_BODY = YES;
				CLANG_WARN_ENUM_CONVERSION = YES;
				CLANG_WARN_INFINITE_RECURSION = YES;
				CLANG_WARN_INT_CONVERSION = YES;
				CLANG_WARN_NON_LITERAL_NULL_CONVERSION = YES;
				CLANG_WARN_OBJC_IMPLICIT_RETAIN_SELF = YES;
				CLANG_WARN_OBJC_LITERAL_CONVERSION = YES;
				CLANG_WARN_OBJC_ROOT_CLASS = YES_ERROR;
				CLANG_WARN_QUOTED_INCLUDE_IN_FRAMEWORK_HEADER = YES;
				CLANG_WARN_RANGE_LOOP_ANALYSIS = YES;
				CLANG_WARN_STRICT_PROTOTYPES = YES;
				CLANG_WARN_SUSPICIOUS_MOVE = YES;
				CLANG_WARN_UNGUARDED_AVAILABILITY = YES_AGGRESSIVE;
				CLANG_WARN_UNREACHABLE_CODE = YES;
				CLANG_WARN__DUPLICATE_METHOD_MATCH = YES;
				COPY_PHASE_STRIP = NO;
				DEBUG_INFORMATION_FORMAT = dwarf;
				ENABLE_STRICT_OBJC_MSGSEND = YES;
				ENABLE_TESTABILITY = YES;
				GCC_C_LANGUAGE_STANDARD = gnu11;
				GCC_DYNAMIC_NO_PIC = NO;
				GCC_NO_COMMON_BLOCKS = YES;
				GCC_OPTIMIZATION_LEVEL = 0;
				GCC_PREPROCESSOR_DEFINITIONS = (
					"DEBUG=1",
					"$(inherited)",
				);
				GCC_WARN_64_TO_32_BIT_CONVERSION = YES;
				GCC_WARN_ABOUT_RETURN_TYPE = YES_ERROR;
				GCC_WARN_UNDECLARED_SELECTOR = YES;
				GCC_WARN_UNINITIALIZED_AUTOS = YES_AGGRESSIVE;
				GCC_WARN_UNUSED_FUNCTION = YES;
				GCC_WARN_UNUSED_VARIABLE = YES;
				IPHONEOS_DEPLOYMENT_TARGET = 14.5;
				MTL_ENABLE_DEBUG_INFO = INCLUDE_SOURCE;
				MTL_FAST_MATH = YES;
				ONLY_ACTIVE_ARCH = YES;
				SDKROOT = iphoneos;
				SWIFT_ACTIVE_COMPILATION_CONDITIONS = DEBUG;
				SWIFT_OPTIMIZATION_LEVEL = "-Onone";
			};
			name = Debug;
		};
		D2F7306E27708ADA00C2F911 /* Release */ = {
			isa = XCBuildConfiguration;
			buildSettings = {
				ALWAYS_SEARCH_USER_PATHS = NO;
				CLANG_ANALYZER_NONNULL = YES;
				CLANG_ANALYZER_NUMBER_OBJECT_CONVERSION = YES_AGGRESSIVE;
				CLANG_CXX_LANGUAGE_STANDARD = "gnu++14";
				CLANG_CXX_LIBRARY = "libc++";
				CLANG_ENABLE_MODULES = YES;
				CLANG_ENABLE_OBJC_ARC = YES;
				CLANG_ENABLE_OBJC_WEAK = YES;
				CLANG_WARN_BLOCK_CAPTURE_AUTORELEASING = YES;
				CLANG_WARN_BOOL_CONVERSION = YES;
				CLANG_WARN_COMMA = YES;
				CLANG_WARN_CONSTANT_CONVERSION = YES;
				CLANG_WARN_DEPRECATED_OBJC_IMPLEMENTATIONS = YES;
				CLANG_WARN_DIRECT_OBJC_ISA_USAGE = YES_ERROR;
				CLANG_WARN_DOCUMENTATION_COMMENTS = YES;
				CLANG_WARN_EMPTY_BODY = YES;
				CLANG_WARN_ENUM_CONVERSION = YES;
				CLANG_WARN_INFINITE_RECURSION = YES;
				CLANG_WARN_INT_CONVERSION = YES;
				CLANG_WARN_NON_LITERAL_NULL_CONVERSION = YES;
				CLANG_WARN_OBJC_IMPLICIT_RETAIN_SELF = YES;
				CLANG_WARN_OBJC_LITERAL_CONVERSION = YES;
				CLANG_WARN_OBJC_ROOT_CLASS = YES_ERROR;
				CLANG_WARN_QUOTED_INCLUDE_IN_FRAMEWORK_HEADER = YES;
				CLANG_WARN_RANGE_LOOP_ANALYSIS = YES;
				CLANG_WARN_STRICT_PROTOTYPES = YES;
				CLANG_WARN_SUSPICIOUS_MOVE = YES;
				CLANG_WARN_UNGUARDED_AVAILABILITY = YES_AGGRESSIVE;
				CLANG_WARN_UNREACHABLE_CODE = YES;
				CLANG_WARN__DUPLICATE_METHOD_MATCH = YES;
				COPY_PHASE_STRIP = NO;
				DEBUG_INFORMATION_FORMAT = "dwarf-with-dsym";
				ENABLE_NS_ASSERTIONS = NO;
				ENABLE_STRICT_OBJC_MSGSEND = YES;
				GCC_C_LANGUAGE_STANDARD = gnu11;
				GCC_NO_COMMON_BLOCKS = YES;
				GCC_WARN_64_TO_32_BIT_CONVERSION = YES;
				GCC_WARN_ABOUT_RETURN_TYPE = YES_ERROR;
				GCC_WARN_UNDECLARED_SELECTOR = YES;
				GCC_WARN_UNINITIALIZED_AUTOS = YES_AGGRESSIVE;
				GCC_WARN_UNUSED_FUNCTION = YES;
				GCC_WARN_UNUSED_VARIABLE = YES;
				IPHONEOS_DEPLOYMENT_TARGET = 14.5;
				MTL_ENABLE_DEBUG_INFO = NO;
				MTL_FAST_MATH = YES;
				SDKROOT = iphoneos;
				SWIFT_COMPILATION_MODE = wholemodule;
				SWIFT_OPTIMIZATION_LEVEL = "-O";
				VALIDATE_PRODUCT = YES;
			};
			name = Release;
		};
		D2F7307027708ADA00C2F911 /* Debug */ = {
			isa = XCBuildConfiguration;
			buildSettings = {
				ASSETCATALOG_COMPILER_APPICON_NAME = AppIcon;
				ASSETCATALOG_COMPILER_GLOBAL_ACCENT_COLOR_NAME = AccentColor;
				CODE_SIGN_STYLE = Automatic;
				DEVELOPMENT_TEAM = 7995LB4979;
				INFOPLIST_FILE = CommunicationPatterns/Configuration/Info.plist;
				LD_RUNPATH_SEARCH_PATHS = (
					"$(inherited)",
					"@executable_path/Frameworks",
				);
				PRODUCT_BUNDLE_IDENTIFIER = com.ufukcanli.CommunicationPatterns;
				PRODUCT_NAME = "$(TARGET_NAME)";
				SWIFT_VERSION = 5.0;
				TARGETED_DEVICE_FAMILY = "1,2";
			};
			name = Debug;
		};
		D2F7307127708ADA00C2F911 /* Release */ = {
			isa = XCBuildConfiguration;
			buildSettings = {
				ASSETCATALOG_COMPILER_APPICON_NAME = AppIcon;
				ASSETCATALOG_COMPILER_GLOBAL_ACCENT_COLOR_NAME = AccentColor;
				CODE_SIGN_STYLE = Automatic;
				DEVELOPMENT_TEAM = 7995LB4979;
				INFOPLIST_FILE = CommunicationPatterns/Configuration/Info.plist;
				LD_RUNPATH_SEARCH_PATHS = (
					"$(inherited)",
					"@executable_path/Frameworks",
				);
				PRODUCT_BUNDLE_IDENTIFIER = com.ufukcanli.CommunicationPatterns;
				PRODUCT_NAME = "$(TARGET_NAME)";
				SWIFT_VERSION = 5.0;
				TARGETED_DEVICE_FAMILY = "1,2";
			};
			name = Release;
		};
/* End XCBuildConfiguration section */

/* Begin XCConfigurationList section */
		D2F7305627708AD600C2F911 /* Build configuration list for PBXProject "CommunicationPatterns" */ = {
			isa = XCConfigurationList;
			buildConfigurations = (
				D2F7306D27708ADA00C2F911 /* Debug */,
				D2F7306E27708ADA00C2F911 /* Release */,
			);
			defaultConfigurationIsVisible = 0;
			defaultConfigurationName = Release;
		};
		D2F7306F27708ADA00C2F911 /* Build configuration list for PBXNativeTarget "CommunicationPatterns" */ = {
			isa = XCConfigurationList;
			buildConfigurations = (
				D2F7307027708ADA00C2F911 /* Debug */,
				D2F7307127708ADA00C2F911 /* Release */,
			);
			defaultConfigurationIsVisible = 0;
			defaultConfigurationName = Release;
		};
/* End XCConfigurationList section */
	};
	rootObject = D2F7305327708AD600C2F911 /* Project object */;
}
